PODS:
  - SwiftProtobuf (1.8.0)
  - TrustWalletCore (1.0.4):
    - TrustWalletCore/Core (= 1.0.4)
  - TrustWalletCore/Core (1.0.4):
    - TrustWalletCore/Types
  - TrustWalletCore/Types (1.0.4):
    - SwiftProtobuf

DEPENDENCIES:
  - TrustWalletCore (~> 1.0.0)

SPEC REPOS:
  trunk:
    - SwiftProtobuf
    - TrustWalletCore

SPEC CHECKSUMS:
  SwiftProtobuf: 2cbd9409689b7df170d82a92a33443c8e3e14a70
  TrustWalletCore: 58c4860ab715159dd2027ad1c1add7016d16a744

PODFILE CHECKSUM: 20caa712d11f446928463398602fd072b3cd9012

COCOAPODS: 1.8.4
