// !$*UTF8*$!
{
	archiveVersion = 1;
	classes = {
	};
	objectVersion = 50;
	objects = {

/* Begin PBXBuildFile section */
		3B43E86CFA703049CB2B377E /* Pods_WalletCoreExample.framework in Frameworks */ = {isa = PBXBuildFile; fileRef = 17D939E351D048A3DB4DF96D /* Pods_WalletCoreExample.framework */; };
		BB7561EA23681EE400E4A891 /* AppDelegate.swift in Sources */ = {isa = PBXBuildFile; fileRef = BB7561E923681EE400E4A891 /* AppDelegate.swift */; };
		BB7561EC23681EE400E4A891 /* ViewController.swift in Sources */ = {isa = PBXBuildFile; fileRef = BB7561EB23681EE400E4A891 /* ViewController.swift */; };
		BB7561EE23681EE600E4A891 /* Assets.xcassets in Resources */ = {isa = PBXBuildFile; fileRef = BB7561ED23681EE600E4A891 /* Assets.xcassets */; };
		BB7561F123681EE600E4A891 /* Main.storyboard in Resources */ = {isa = PBXBuildFile; fileRef = BB7561EF23681EE600E4A891 /* Main.storyboard */; };
/* End PBXBuildFile section */

/* Begin PBXFileReference section */
		17D939E351D048A3DB4DF96D /* Pods_WalletCoreExample.framework */ = {isa = PBXFileReference; explicitFileType = wrapper.framework; includeInIndex = 0; path = Pods_WalletCoreExample.framework; sourceTree = BUILT_PRODUCTS_DIR; };
		1F017702CD0538F7214E0F41 /* Pods-WalletCoreExample.release.xcconfig */ = {isa = PBXFileReference; includeInIndex = 1; lastKnownFileType = text.xcconfig; name = "Pods-WalletCoreExample.release.xcconfig"; path = "Target Support Files/Pods-WalletCoreExample/Pods-WalletCoreExample.release.xcconfig"; sourceTree = "<group>"; };
		A4A7906E4A2394D9ED105739 /* Pods-WalletCoreExample.debug.xcconfig */ = {isa = PBXFileReference; includeInIndex = 1; lastKnownFileType = text.xcconfig; name = "Pods-WalletCoreExample.debug.xcconfig"; path = "Target Support Files/Pods-WalletCoreExample/Pods-WalletCoreExample.debug.xcconfig"; sourceTree = "<group>"; };
		BB7561E623681EE400E4A891 /* WalletCoreExample.app */ = {isa = PBXFileReference; explicitFileType = wrapper.application; includeInIndex = 0; path = WalletCoreExample.app; sourceTree = BUILT_PRODUCTS_DIR; };
		BB7561E923681EE400E4A891 /* AppDelegate.swift */ = {isa = PBXFileReference; lastKnownFileType = sourcecode.swift; path = AppDelegate.swift; sourceTree = "<group>"; };
		BB7561EB23681EE400E4A891 /* ViewController.swift */ = {isa = PBXFileReference; lastKnownFileType = sourcecode.swift; path = ViewController.swift; sourceTree = "<group>"; };
		BB7561ED23681EE600E4A891 /* Assets.xcassets */ = {isa = PBXFileReference; lastKnownFileType = folder.assetcatalog; path = Assets.xcassets; sourceTree = "<group>"; };
		BB7561F023681EE600E4A891 /* Base */ = {isa = PBXFileReference; lastKnownFileType = file.storyboard; name = Base; path = Base.lproj/Main.storyboard; sourceTree = "<group>"; };
		BB7561F223681EE600E4A891 /* Info.plist */ = {isa = PBXFileReference; lastKnownFileType = text.plist.xml; path = Info.plist; sourceTree = "<group>"; };
		BB7561F323681EE600E4A891 /* WalletCoreExample.entitlements */ = {isa = PBXFileReference; lastKnownFileType = text.plist.entitlements; path = WalletCoreExample.entitlements; sourceTree = "<group>"; };
/* End PBXFileReference section */

/* Begin PBXFrameworksBuildPhase section */
		BB7561E323681EE400E4A891 /* Frameworks */ = {
			isa = PBXFrameworksBuildPhase;
			buildActionMask = 2147483647;
			files = (
				3B43E86CFA703049CB2B377E /* Pods_WalletCoreExample.framework in Frameworks */,
			);
			runOnlyForDeploymentPostprocessing = 0;
		};
/* End PBXFrameworksBuildPhase section */

/* Begin PBXGroup section */
		9E789B7AB7D8C6C9D62647D2 /* Pods */ = {
			isa = PBXGroup;
			children = (
				A4A7906E4A2394D9ED105739 /* Pods-WalletCoreExample.debug.xcconfig */,
				1F017702CD0538F7214E0F41 /* Pods-WalletCoreExample.release.xcconfig */,
			);
			name = Pods;
			path = Pods;
			sourceTree = "<group>";
		};
		BB7561DD23681EE400E4A891 = {
			isa = PBXGroup;
			children = (
				BB7561E823681EE400E4A891 /* WalletCoreExample */,
				BB7561E723681EE400E4A891 /* Products */,
				9E789B7AB7D8C6C9D62647D2 /* Pods */,
				E986E0CCDB4256160F1E0697 /* Frameworks */,
			);
			sourceTree = "<group>";
		};
		BB7561E723681EE400E4A891 /* Products */ = {
			isa = PBXGroup;
			children = (
				BB7561E623681EE400E4A891 /* WalletCoreExample.app */,
			);
			name = Products;
			sourceTree = "<group>";
		};
		BB7561E823681EE400E4A891 /* WalletCoreExample */ = {
			isa = PBXGroup;
			children = (
				BB7561E923681EE400E4A891 /* AppDelegate.swift */,
				BB7561EB23681EE400E4A891 /* ViewController.swift */,
				BB7561ED23681EE600E4A891 /* Assets.xcassets */,
				BB7561EF23681EE600E4A891 /* Main.storyboard */,
				BB7561F223681EE600E4A891 /* Info.plist */,
				BB7561F323681EE600E4A891 /* WalletCoreExample.entitlements */,
			);
			path = WalletCoreExample;
			sourceTree = "<group>";
		};
		E986E0CCDB4256160F1E0697 /* Frameworks */ = {
			isa = PBXGroup;
			children = (
				17D939E351D048A3DB4DF96D /* Pods_WalletCoreExample.framework */,
			);
			name = Frameworks;
			sourceTree = "<group>";
		};
/* End PBXGroup section */

/* Begin PBXNativeTarget section */
		BB7561E523681EE400E4A891 /* WalletCoreExample */ = {
			isa = PBXNativeTarget;
			buildConfigurationList = BB7561F623681EE600E4A891 /* Build configuration list for PBXNativeTarget "WalletCoreExample" */;
			buildPhases = (
				92FEBF01429D50F74F546E9D /* [CP] Check Pods Manifest.lock */,
				BB7561E223681EE400E4A891 /* Sources */,
				BB7561E323681EE400E4A891 /* Frameworks */,
				BB7561E423681EE400E4A891 /* Resources */,
				3732F605898D2D4249382540 /* [CP] Embed Pods Frameworks */,
			);
			buildRules = (
			);
			dependencies = (
			);
			name = WalletCoreExample;
			productName = WalletCoreExample;
			productReference = BB7561E623681EE400E4A891 /* WalletCoreExample.app */;
			productType = "com.apple.product-type.application";
		};
/* End PBXNativeTarget section */

/* Begin PBXProject section */
		BB7561DE23681EE400E4A891 /* Project object */ = {
			isa = PBXProject;
			attributes = {
				LastSwiftUpdateCheck = 1110;
				LastUpgradeCheck = 1110;
				ORGANIZATIONNAME = "Tao X";
				TargetAttributes = {
					BB7561E523681EE400E4A891 = {
						CreatedOnToolsVersion = 11.1;
					};
				};
			};
			buildConfigurationList = BB7561E123681EE400E4A891 /* Build configuration list for PBXProject "WalletCoreExample" */;
			compatibilityVersion = "Xcode 9.3";
			developmentRegion = en;
			hasScannedForEncodings = 0;
			knownRegions = (
				en,
				Base,
			);
			mainGroup = BB7561DD23681EE400E4A891;
			productRefGroup = BB7561E723681EE400E4A891 /* Products */;
			projectDirPath = "";
			projectRoot = "";
			targets = (
				BB7561E523681EE400E4A891 /* WalletCoreExample */,
			);
		};
/* End PBXProject section */

/* Begin PBXResourcesBuildPhase section */
		BB7561E423681EE400E4A891 /* Resources */ = {
			isa = PBXResourcesBuildPhase;
			buildActionMask = 2147483647;
			files = (
				BB7561EE23681EE600E4A891 /* Assets.xcassets in Resources */,
				BB7561F123681EE600E4A891 /* Main.storyboard in Resources */,
			);
			runOnlyForDeploymentPostprocessing = 0;
		};
/* End PBXResourcesBuildPhase section */

/* Begin PBXShellScriptBuildPhase section */
		3732F605898D2D4249382540 /* [CP] Embed Pods Frameworks */ = {
			isa = PBXShellScriptBuildPhase;
			buildActionMask = 2147483647;
			files = (
			);
			inputFileListPaths = (
				"${PODS_ROOT}/Target Support Files/Pods-WalletCoreExample/Pods-WalletCoreExample-frameworks-${CONFIGURATION}-input-files.xcfilelist",
			);
			name = "[CP] Embed Pods Frameworks";
			outputFileListPaths = (
				"${PODS_ROOT}/Target Support Files/Pods-WalletCoreExample/Pods-WalletCoreExample-frameworks-${CONFIGURATION}-output-files.xcfilelist",
			);
			runOnlyForDeploymentPostprocessing = 0;
			shellPath = /bin/sh;
			shellScript = "\"${PODS_ROOT}/Target Support Files/Pods-WalletCoreExample/Pods-WalletCoreExample-frameworks.sh\"\n";
			showEnvVarsInLog = 0;
		};
		92FEBF01429D50F74F546E9D /* [CP] Check Pods Manifest.lock */ = {
			isa = PBXShellScriptBuildPhase;
			buildActionMask = 2147483647;
			files = (
			);
			inputFileListPaths = (
			);
			inputPaths = (
				"${PODS_PODFILE_DIR_PATH}/Podfile.lock",
				"${PODS_ROOT}/Manifest.lock",
			);
			name = "[CP] Check Pods Manifest.lock";
			outputFileListPaths = (
			);
			outputPaths = (
				"$(DERIVED_FILE_DIR)/Pods-WalletCoreExample-checkManifestLockResult.txt",
			);
			runOnlyForDeploymentPostprocessing = 0;
			shellPath = /bin/sh;
			shellScript = "diff \"${PODS_PODFILE_DIR_PATH}/Podfile.lock\" \"${PODS_ROOT}/Manifest.lock\" > /dev/null\nif [ $? != 0 ] ; then\n    # print error to STDERR\n    echo \"error: The sandbox is not in sync with the Podfile.lock. Run 'pod install' or update your CocoaPods installation.\" >&2\n    exit 1\nfi\n# This output is used by Xcode 'outputs' to avoid re-running this script phase.\necho \"SUCCESS\" > \"${SCRIPT_OUTPUT_FILE_0}\"\n";
			showEnvVarsInLog = 0;
		};
/* End PBXShellScriptBuildPhase section */

/* Begin PBXSourcesBuildPhase section */
		BB7561E223681EE400E4A891 /* Sources */ = {
			isa = PBXSourcesBuildPhase;
			buildActionMask = 2147483647;
			files = (
				BB7561EC23681EE400E4A891 /* ViewController.swift in Sources */,
				BB7561EA23681EE400E4A891 /* AppDelegate.swift in Sources */,
			);
			runOnlyForDeploymentPostprocessing = 0;
		};
/* End PBXSourcesBuildPhase section */

/* Begin PBXVariantGroup section */
		BB7561EF23681EE600E4A891 /* Main.storyboard */ = {
			isa = PBXVariantGroup;
			children = (
				BB7561F023681EE600E4A891 /* Base */,
			);
			name = Main.storyboard;
			sourceTree = "<group>";
		};
/* End PBXVariantGroup section */

/* Begin XCBuildConfiguration section */
		BB7561F423681EE600E4A891 /* Debug */ = {
			isa = XCBuildConfiguration;
			buildSettings = {
				ALWAYS_SEARCH_USER_PATHS = NO;
				CLANG_ANALYZER_NONNULL = YES;
				CLANG_ANALYZER_NUMBER_OBJECT_CONVERSION = YES_AGGRESSIVE;
				CLANG_CXX_LANGUAGE_STANDARD = "gnu++14";
				CLANG_CXX_LIBRARY = "libc++";
				CLANG_ENABLE_MODULES = YES;
				CLANG_ENABLE_OBJC_ARC = YES;
				CLANG_ENABLE_OBJC_WEAK = YES;
				CLANG_WARN_BLOCK_CAPTURE_AUTORELEASING = YES;
				CLANG_WARN_BOOL_CONVERSION = YES;
				CLANG_WARN_COMMA = YES;
				CLANG_WARN_CONSTANT_CONVERSION = YES;
				CLANG_WARN_DEPRECATED_OBJC_IMPLEMENTATIONS = YES;
				CLANG_WARN_DIRECT_OBJC_ISA_USAGE = YES_ERROR;
				CLANG_WARN_DOCUMENTATION_COMMENTS = YES;
				CLANG_WARN_EMPTY_BODY = YES;
				CLANG_WARN_ENUM_CONVERSION = YES;
				CLANG_WARN_INFINITE_RECURSION = YES;
				CLANG_WARN_INT_CONVERSION = YES;
				CLANG_WARN_NON_LITERAL_NULL_CONVERSION = YES;
				CLANG_WARN_OBJC_IMPLICIT_RETAIN_SELF = YES;
				CLANG_WARN_OBJC_LITERAL_CONVERSION = YES;
				CLANG_WARN_OBJC_ROOT_CLASS = YES_ERROR;
				CLANG_WARN_RANGE_LOOP_ANALYSIS = YES;
				CLANG_WARN_STRICT_PROTOTYPES = YES;
				CLANG_WARN_SUSPICIOUS_MOVE = YES;
				CLANG_WARN_UNGUARDED_AVAILABILITY = YES_AGGRESSIVE;
				CLANG_WARN_UNREACHABLE_CODE = YES;
				CLANG_WARN__DUPLICATE_METHOD_MATCH = YES;
				COPY_PHASE_STRIP = NO;
				DEBUG_INFORMATION_FORMAT = dwarf;
				ENABLE_STRICT_OBJC_MSGSEND = YES;
				ENABLE_TESTABILITY = YES;
				GCC_C_LANGUAGE_STANDARD = gnu11;
				GCC_DYNAMIC_NO_PIC = NO;
				GCC_NO_COMMON_BLOCKS = YES;
				GCC_OPTIMIZATION_LEVEL = 0;
				GCC_PREPROCESSOR_DEFINITIONS = (
					"DEBUG=1",
					"$(inherited)",
				);
				GCC_WARN_64_TO_32_BIT_CONVERSION = YES;
				GCC_WARN_ABOUT_RETURN_TYPE = YES_ERROR;
				GCC_WARN_UNDECLARED_SELECTOR = YES;
				GCC_WARN_UNINITIALIZED_AUTOS = YES_AGGRESSIVE;
				GCC_WARN_UNUSED_FUNCTION = YES;
				GCC_WARN_UNUSED_VARIABLE = YES;
				MACOSX_DEPLOYMENT_TARGET = 10.15;
				MTL_ENABLE_DEBUG_INFO = INCLUDE_SOURCE;
				MTL_FAST_MATH = YES;
				ONLY_ACTIVE_ARCH = YES;
				SDKROOT = macosx;
				SWIFT_ACTIVE_COMPILATION_CONDITIONS = DEBUG;
				SWIFT_OPTIMIZATION_LEVEL = "-Onone";
			};
			name = Debug;
		};
		BB7561F523681EE600E4A891 /* Release */ = {
			isa = XCBuildConfiguration;
			buildSettings = {
				ALWAYS_SEARCH_USER_PATHS = NO;
				CLANG_ANALYZER_NONNULL = YES;
				CLANG_ANALYZER_NUMBER_OBJECT_CONVERSION = YES_AGGRESSIVE;
				CLANG_CXX_LANGUAGE_STANDARD = "gnu++14";
				CLANG_CXX_LIBRARY = "libc++";
				CLANG_ENABLE_MODULES = YES;
				CLANG_ENABLE_OBJC_ARC = YES;
				CLANG_ENABLE_OBJC_WEAK = YES;
				CLANG_WARN_BLOCK_CAPTURE_AUTORELEASING = YES;
				CLANG_WARN_BOOL_CONVERSION = YES;
				CLANG_WARN_COMMA = YES;
				CLANG_WARN_CONSTANT_CONVERSION = YES;
				CLANG_WARN_DEPRECATED_OBJC_IMPLEMENTATIONS = YES;
				CLANG_WARN_DIRECT_OBJC_ISA_USAGE = YES_ERROR;
				CLANG_WARN_DOCUMENTATION_COMMENTS = YES;
				CLANG_WARN_EMPTY_BODY = YES;
				CLANG_WARN_ENUM_CONVERSION = YES;
				CLANG_WARN_INFINITE_RECURSION = YES;
				CLANG_WARN_INT_CONVERSION = YES;
				CLANG_WARN_NON_LITERAL_NULL_CONVERSION = YES;
				CLANG_WARN_OBJC_IMPLICIT_RETAIN_SELF = YES;
				CLANG_WARN_OBJC_LITERAL_CONVERSION = YES;
				CLANG_WARN_OBJC_ROOT_CLASS = YES_ERROR;
				CLANG_WARN_RANGE_LOOP_ANALYSIS = YES;
				CLANG_WARN_STRICT_PROTOTYPES = YES;
				CLANG_WARN_SUSPICIOUS_MOVE = YES;
				CLANG_WARN_UNGUARDED_AVAILABILITY = YES_AGGRESSIVE;
				CLANG_WARN_UNREACHABLE_CODE = YES;
				CLANG_WARN__DUPLICATE_METHOD_MATCH = YES;
				COPY_PHASE_STRIP = NO;
				DEBUG_INFORMATION_FORMAT = "dwarf-with-dsym";
				ENABLE_NS_ASSERTIONS = NO;
				ENABLE_STRICT_OBJC_MSGSEND = YES;
				GCC_C_LANGUAGE_STANDARD = gnu11;
				GCC_NO_COMMON_BLOCKS = YES;
				GCC_WARN_64_TO_32_BIT_CONVERSION = YES;
				GCC_WARN_ABOUT_RETURN_TYPE = YES_ERROR;
				GCC_WARN_UNDECLARED_SELECTOR = YES;
				GCC_WARN_UNINITIALIZED_AUTOS = YES_AGGRESSIVE;
				GCC_WARN_UNUSED_FUNCTION = YES;
				GCC_WARN_UNUSED_VARIABLE = YES;
				MACOSX_DEPLOYMENT_TARGET = 10.15;
				MTL_ENABLE_DEBUG_INFO = NO;
				MTL_FAST_MATH = YES;
				SDKROOT = macosx;
				SWIFT_COMPILATION_MODE = wholemodule;
				SWIFT_OPTIMIZATION_LEVEL = "-O";
			};
			name = Release;
		};
		BB7561F723681EE600E4A891 /* Debug */ = {
			isa = XCBuildConfiguration;
			baseConfigurationReference = A4A7906E4A2394D9ED105739 /* Pods-WalletCoreExample.debug.xcconfig */;
			buildSettings = {
				ASSETCATALOG_COMPILER_APPICON_NAME = AppIcon;
				CODE_SIGN_ENTITLEMENTS = WalletCoreExample/WalletCoreExample.entitlements;
				CODE_SIGN_STYLE = Automatic;
				COMBINE_HIDPI_IMAGES = YES;
				INFOPLIST_FILE = WalletCoreExample/Info.plist;
				LD_RUNPATH_SEARCH_PATHS = (
					"$(inherited)",
					"@executable_path/../Frameworks",
				);
				PRODUCT_BUNDLE_IDENTIFIER = in.fourplex.WalletCoreExample;
				PRODUCT_NAME = "$(TARGET_NAME)";
				SWIFT_VERSION = 5.0;
			};
			name = Debug;
		};
		BB7561F823681EE600E4A891 /* Release */ = {
			isa = XCBuildConfiguration;
			baseConfigurationReference = 1F017702CD0538F7214E0F41 /* Pods-WalletCoreExample.release.xcconfig */;
			buildSettings = {
				ASSETCATALOG_COMPILER_APPICON_NAME = AppIcon;
				CODE_SIGN_ENTITLEMENTS = WalletCoreExample/WalletCoreExample.entitlements;
				CODE_SIGN_STYLE = Automatic;
				COMBINE_HIDPI_IMAGES = YES;
				INFOPLIST_FILE = WalletCoreExample/Info.plist;
				LD_RUNPATH_SEARCH_PATHS = (
					"$(inherited)",
					"@executable_path/../Frameworks",
				);
				PRODUCT_BUNDLE_IDENTIFIER = in.fourplex.WalletCoreExample;
				PRODUCT_NAME = "$(TARGET_NAME)";
				SWIFT_VERSION = 5.0;
			};
			name = Release;
		};
/* End XCBuildConfiguration section */

/* Begin XCConfigurationList section */
		BB7561E123681EE400E4A891 /* Build configuration list for PBXProject "WalletCoreExample" */ = {
			isa = XCConfigurationList;
			buildConfigurations = (
				BB7561F423681EE600E4A891 /* Debug */,
				BB7561F523681EE600E4A891 /* Release */,
			);
			defaultConfigurationIsVisible = 0;
			defaultConfigurationName = Release;
		};
		BB7561F623681EE600E4A891 /* Build configuration list for PBXNativeTarget "WalletCoreExample" */ = {
			isa = XCConfigurationList;
			buildConfigurations = (
				BB7561F723681EE600E4A891 /* Debug */,
				BB7561F823681EE600E4A891 /* Release */,
			);
			defaultConfigurationIsVisible = 0;
			defaultConfigurationName = Release;
		};
/* End XCConfigurationList section */
	};
	rootObject = BB7561DE23681EE400E4A891 /* Project object */;
}
