PODS:
  - SwiftProtobuf (1.2.0)

DEPENDENCIES:
  - SwiftProtobuf (~> 1.2.0)

SPEC REPOS:
  https://github.com/cocoapods/specs.git:
    - SwiftProtobuf

SPEC CHECKSUMS:
  SwiftProtobuf: 91a9856079044ef4ec762b2344c763cd9e5a73c1

PODFILE CHECKSUM: ae4ae1ed3285d5ca5a7e4859cbcd60e7b756f0f3

COCOAPODS: 1.6.1
