# This is a Gradle generated file for dependency locking.
# Manual edits can break the build and are not advised.
# This file is expected to be part of source control.
org.jacoco:org.jacoco.agent:0.8.7=androidJacocoAnt
org.jacoco:org.jacoco.ant:0.8.7=androidJacocoAnt
org.jacoco:org.jacoco.core:0.8.7=androidJacocoAnt
org.jacoco:org.jacoco.report:0.8.7=androidJacocoAnt
org.jetbrains.intellij.deps:trove4j:1.0.20181211=kotlinCompilerClasspath,kotlinCompilerPluginClasspath
org.jetbrains.kotlin:kotlin-android-extensions:1.3.50=kotlinCompilerPluginClasspath
org.jetbrains.kotlin:kotlin-compiler-embeddable:1.3.50=kotlinCompilerClasspath,kotlinCompilerPluginClasspath
org.jetbrains.kotlin:kotlin-daemon-embeddable:1.3.50=kotlinCompilerClasspath,kotlinCompilerPluginClasspath
org.jetbrains.kotlin:kotlin-reflect:1.3.50=kotlinCompilerClasspath,kotlinCompilerPluginClasspath
org.jetbrains.kotlin:kotlin-script-runtime:1.3.50=kotlinCompilerClasspath,kotlinCompilerPluginClasspath
org.jetbrains.kotlin:kotlin-stdlib-common:1.3.50=kotlinCompilerClasspath,kotlinCompilerPluginClasspath
org.jetbrains.kotlin:kotlin-stdlib:1.3.50=kotlinCompilerClasspath,kotlinCompilerPluginClasspath
org.jetbrains:annotations:13.0=kotlinCompilerClasspath,kotlinCompilerPluginClasspath
org.ow2.asm:asm-analysis:9.1=androidJacocoAnt
org.ow2.asm:asm-commons:9.1=androidJacocoAnt
org.ow2.asm:asm-tree:9.1=androidJacocoAnt
org.ow2.asm:asm:9.1=androidJacocoAnt
empty=androidApis,androidJdkImage,androidTestApiDependenciesMetadata,androidTestCompileOnlyDependenciesMetadata,androidTestDebugApiDependenciesMetadata,androidTestDebugCompileOnlyDependenciesMetadata,androidTestDebugImplementationDependenciesMetadata,androidTestDebugRuntimeOnlyDependenciesMetadata,androidTestImplementationDependenciesMetadata,androidTestReleaseApiDependenciesMetadata,androidTestReleaseCompileOnlyDependenciesMetadata,androidTestReleaseImplementationDependenciesMetadata,androidTestReleaseRuntimeOnlyDependenciesMetadata,androidTestRuntimeOnlyDependenciesMetadata,androidTestUtil,apiDependenciesMetadata,compileOnlyDependenciesMetadata,coreLibraryDesugaring,debugAndroidTestAnnotationProcessorClasspath,debugAndroidTestApiDependenciesMetadata,debugAndroidTestCompile,debugAndroidTestCompileOnlyDependenciesMetadata,debugAndroidTestImplementationDependenciesMetadata,debugAndroidTestRuntime,debugAndroidTestRuntimeClasspath,debugAndroidTestRuntimeOnlyDependenciesMetadata,debugAnnotationProcessorClasspath,debugApiDependenciesMetadata,debugCompile,debugCompileOnly,debugCompileOnlyDependenciesMetadata,debugReverseMetadataValues,debugRuntime,debugRuntimeOnlyDependenciesMetadata,debugUnitTestAnnotationProcessorClasspath,debugUnitTestApiDependenciesMetadata,debugUnitTestCompile,debugUnitTestCompileOnlyDependenciesMetadata,debugUnitTestImplementationDependenciesMetadata,debugUnitTestRuntime,debugUnitTestRuntimeOnlyDependenciesMetadata,debugWearBundling,kotlinNativeCompilerPluginClasspath,lintChecks,lintPublish,releaseAnnotationProcessorClasspath,releaseApiDependenciesMetadata,releaseCompile,releaseCompileOnly,releaseCompileOnlyDependenciesMetadata,releaseReverseMetadataValues,releaseRuntime,releaseRuntimeOnlyDependenciesMetadata,releaseUnitTestAnnotationProcessorClasspath,releaseUnitTestApiDependenciesMetadata,releaseUnitTestCompile,releaseUnitTestCompileOnlyDependenciesMetadata,releaseUnitTestImplementationDependenciesMetadata,releaseUnitTestRuntime,releaseUnitTestRuntimeOnlyDependenciesMetadata,releaseWearBundling,runtimeOnlyDependenciesMetadata,testApiDependenciesMetadata,testCompileOnlyDependenciesMetadata,testDebugApiDependenciesMetadata,testDebugCompileOnlyDependenciesMetadata,testDebugImplementationDependenciesMetadata,testDebugRuntimeOnlyDependenciesMetadata,testFixturesApiDependenciesMetadata,testFixturesCompileOnlyDependenciesMetadata,testFixturesDebugApiDependenciesMetadata,testFixturesDebugCompileOnlyDependenciesMetadata,testFixturesDebugImplementationDependenciesMetadata,testFixturesDebugRuntimeOnlyDependenciesMetadata,testFixturesImplementationDependenciesMetadata,testFixturesReleaseApiDependenciesMetadata,testFixturesReleaseCompileOnlyDependenciesMetadata,testFixturesReleaseImplementationDependenciesMetadata,testFixturesReleaseRuntimeOnlyDependenciesMetadata,testFixturesRuntimeOnlyDependenciesMetadata,testImplementationDependenciesMetadata,testReleaseApiDependenciesMetadata,testReleaseCompileOnlyDependenciesMetadata,testReleaseImplementationDependenciesMetadata,testReleaseRuntimeOnlyDependenciesMetadata,testRuntimeOnlyDependenciesMetadata
