PODS:
  - SwiftProtobuf (1.19.0)
  - TrustWalletCore (2.9.5):
    - TrustWalletCore/Core (= 2.9.5)
  - TrustWalletCore/Core (2.9.5):
    - TrustWalletCore/Types
  - TrustWalletCore/Types (2.9.5):
    - SwiftProtobuf

DEPENDENCIES:
  - TrustWalletCore

SPEC REPOS:
  trunk:
    - SwiftProtobuf
    - TrustWalletCore

SPEC CHECKSUMS:
  SwiftProtobuf: 6ef3f0e422ef90d6605ca20b21a94f6c1324d6b3
  TrustWalletCore: 52ec9b10c17c8d7443e848ff0e6adac4d39be9f0

PODFILE CHECKSUM: 68848e868fc9571d319a35d139d7901079a7fe36

COCOAPODS: 1.11.3
