PODS:
  - SwiftProtobuf (1.16.0)
  - TrustWalletCore (2.6.7):
    - TrustWalletCore/Core (= 2.6.7)
  - TrustWalletCore/Core (2.6.7):
    - TrustWalletCore/Types
  - TrustWalletCore/Types (2.6.7):
    - SwiftProtobuf

DEPENDENCIES:
  - TrustWalletCore

SPEC REPOS:
  trunk:
    - SwiftProtobuf
    - TrustWalletCore

SPEC CHECKSUMS:
  SwiftProtobuf: 4e16842b83c6fda06b10fac50d73b3f1fce8ab7b
  TrustWalletCore: 1409475008901d761effd92fe6c3d6be6c83ae3a

PODFILE CHECKSUM: 68848e868fc9571d319a35d139d7901079a7fe36

COCOAPODS: 1.10.1
