PODS:
  - BigInt (5.2.0)
  - SwiftProtobuf (1.22.0)
  - TrustWalletCore (3.2.5):
    - TrustWalletCore/Core (= 3.2.5)
  - TrustWalletCore/Core (3.2.5):
    - TrustWalletCore/Types
  - TrustWalletCore/Types (3.2.5):
    - SwiftProtobuf

DEPENDENCIES:
  - BigInt
  - TrustWalletCore

SPEC REPOS:
  trunk:
    - BigInt
    - SwiftProtobuf
    - TrustWalletCore

SPEC CHECKSUMS:
  BigInt: f668a80089607f521586bbe29513d708491ef2f7
  SwiftProtobuf: 40bd808372cb8706108f22d28f8ab4a6b9bc6989
  TrustWalletCore: 0e99669adf6134bc5e5579f1f85727efd8f9f282

PODFILE CHECKSUM: 5fb79210604aff833a8320c937ea3849c2d9ac06

COCOAPODS: 1.12.1
