PODS:
  - SwiftProtobuf (1.16.0)
  - WalletCoreDev (2.5.6):
    - WalletCoreDev/Core (= 2.5.6)
  - WalletCoreDev/Core (2.5.6):
    - WalletCoreDev/Types
  - WalletCoreDev/Types (2.5.6):
    - SwiftProtobuf

DEPENDENCIES:
  - WalletCoreDev (from `../`)

SPEC REPOS:
  trunk:
    - SwiftProtobuf

EXTERNAL SOURCES:
  WalletCoreDev:
    :path: "../"

SPEC CHECKSUMS:
  SwiftProtobuf: 4e16842b83c6fda06b10fac50d73b3f1fce8ab7b
  WalletCoreDev: 029e86f922529ab5824d2aaff063f604dfeab956

PODFILE CHECKSUM: 2990afd0117a087b637e60de6dae6f5708b9d657

COCOAPODS: 1.10.1
