PODS:
  - SwiftProtobuf (1.22.0)
  - WalletCore (2.6.5):
    - WalletCore/Core (= 2.6.5)
  - WalletCore/Core (2.6.5):
    - WalletCore/Types
  - WalletCore/Types (2.6.5):
    - SwiftProtobuf

DEPENDENCIES:
  - WalletCore (from `../..`)

SPEC REPOS:
  trunk:
    - SwiftProtobuf

EXTERNAL SOURCES:
  WalletCore:
    :path: "../.."

SPEC CHECKSUMS:
  SwiftProtobuf: 40bd808372cb8706108f22d28f8ab4a6b9bc6989
  WalletCore: 32acf383e7311ee9fd88ee51fa2a33132b047ad3

PODFILE CHECKSUM: 78b5311dee3e5c57cb6682134b4bbf2bac46290f

COCOAPODS: 1.12.1
